
Microsoft Visual Studio Solution File, Format Version 12.00
# Visual Studio Version 17
VisualStudioVersion = 17.6.33723.286
MinimumVisualStudioVersion = 10.0.40219.1
Project("{9A19103F-16F7-4668-BE54-9A1E7A4F7556}") = "iSoft.ConnectionCommon", "iSoft.ConnectionCommon.csproj", "{43D3761D-29B4-4983-AB60-B6379C8DFD98}"
EndProject
Project("{2150E333-8FDC-42A3-9474-1A3956D46DE8}") = "subs", "subs", "{19C58AFB-6526-48C2-B468-71DED69D494C}"
EndProject
Project("{2150E333-8FDC-42A3-9474-1A3956D46DE8}") = "iSoft.DBLibF", "iSoft.DBLibF", "{A90C86D2-07C9-48B4-883F-4C116A8EEEAB}"
EndProject
Project("{2150E333-8FDC-42A3-9474-1A3956D46DE8}") = "subs", "subs", "{B3D7FF37-B397-4FF9-AEB2-F9C6C1281129}"
EndProject
Project("{9A19103F-16F7-4668-BE54-9A1E7A4F7556}") = "iSoft.Common", "subs\iSoft.DBLibF\subs\iSoft.ComF\iSoft.Common.csproj", "{7FC3A44A-FE3B-42DB-9E58-4ADEA73D9719}"
EndProject
Project("{9A19103F-16F7-4668-BE54-9A1E7A4F7556}") = "iSoft.DBLibrary", "subs\iSoft.DBLibF\iSoft.DBLibrary.csproj", "{08CF14BB-A613-49FE-872A-115956A11FDB}"
EndProject
Global
	GlobalSection(SolutionConfigurationPlatforms) = preSolution
		Debug|Any CPU = Debug|Any CPU
		Release|Any CPU = Release|Any CPU
	EndGlobalSection
	GlobalSection(ProjectConfigurationPlatforms) = postSolution
		{43D3761D-29B4-4983-AB60-B6379C8DFD98}.Debug|Any CPU.ActiveCfg = Debug|Any CPU
		{43D3761D-29B4-4983-AB60-B6379C8DFD98}.Debug|Any CPU.Build.0 = Debug|Any CPU
		{43D3761D-29B4-4983-AB60-B6379C8DFD98}.Release|Any CPU.ActiveCfg = Release|Any CPU
		{43D3761D-29B4-4983-AB60-B6379C8DFD98}.Release|Any CPU.Build.0 = Release|Any CPU
		{7FC3A44A-FE3B-42DB-9E58-4ADEA73D9719}.Debug|Any CPU.ActiveCfg = Debug|Any CPU
		{7FC3A44A-FE3B-42DB-9E58-4ADEA73D9719}.Debug|Any CPU.Build.0 = Debug|Any CPU
		{7FC3A44A-FE3B-42DB-9E58-4ADEA73D9719}.Release|Any CPU.ActiveCfg = Release|Any CPU
		{7FC3A44A-FE3B-42DB-9E58-4ADEA73D9719}.Release|Any CPU.Build.0 = Release|Any CPU
		{08CF14BB-A613-49FE-872A-115956A11FDB}.Debug|Any CPU.ActiveCfg = Debug|Any CPU
		{08CF14BB-A613-49FE-872A-115956A11FDB}.Debug|Any CPU.Build.0 = Debug|Any CPU
		{08CF14BB-A613-49FE-872A-115956A11FDB}.Release|Any CPU.ActiveCfg = Release|Any CPU
		{08CF14BB-A613-49FE-872A-115956A11FDB}.Release|Any CPU.Build.0 = Release|Any CPU
	EndGlobalSection
	GlobalSection(SolutionProperties) = preSolution
		HideSolutionNode = FALSE
	EndGlobalSection
	GlobalSection(NestedProjects) = preSolution
		{A90C86D2-07C9-48B4-883F-4C116A8EEEAB} = {19C58AFB-6526-48C2-B468-71DED69D494C}
		{B3D7FF37-B397-4FF9-AEB2-F9C6C1281129} = {A90C86D2-07C9-48B4-883F-4C116A8EEEAB}
		{7FC3A44A-FE3B-42DB-9E58-4ADEA73D9719} = {B3D7FF37-B397-4FF9-AEB2-F9C6C1281129}
		{08CF14BB-A613-49FE-872A-115956A11FDB} = {19C58AFB-6526-48C2-B468-71DED69D494C}
	EndGlobalSection
	GlobalSection(ExtensibilityGlobals) = postSolution
		SolutionGuid = {9456F576-530F-4DD8-9F8E-46CE15BE6A68}
	EndGlobalSection
EndGlobal
