
Microsoft Visual Studio Solution File, Format Version 12.00
# Visual Studio Version 17
VisualStudioVersion = 17.7.34221.43
MinimumVisualStudioVersion = 10.0.40219.1
Project("{2150E333-8FDC-42A3-9474-1A3956D46DE8}") = "subs", "subs", "{A6C39302-B196-4E3E-9F94-FC0D6B752059}"
EndProject
Project("{2150E333-8FDC-42A3-9474-1A3956D46DE8}") = "iSoft.Core", "iSoft.Core", "{D80D41FF-3B26-4F32-92D0-82319D839F2C}"
EndProject
Project("{9A19103F-16F7-4668-BE54-9A1E7A4F7556}") = "iSoft.Redis", "subs\iSoft.Core\iSoft.Redis\iSoft.Redis.csproj", "{FF886639-EFB7-4918-BC42-843DAB138A0B}"
EndProject
Project("{9A19103F-16F7-4668-BE54-9A1E7A4F7556}") = "iSoft.DBLibrary", "subs\iSoft.Core\iSoft.DBLibrary\iSoft.DBLibrary.csproj", "{E384CE6B-84F7-4926-B562-65D1A1B0796F}"
EndProject
Project("{9A19103F-16F7-4668-BE54-9A1E7A4F7556}") = "iSoft.Database", "subs\iSoft.Core\iSoft.Database\iSoft.Database.csproj", "{EAE34F7C-8D80-41ED-B8F6-55FF8BC964C8}"
EndProject
Project("{9A19103F-16F7-4668-BE54-9A1E7A4F7556}") = "iSoft.Common", "subs\iSoft.Core\iSoft.Common\iSoft.Common.csproj", "{416FBBCB-B129-4759-A866-07C56C152249}"
EndProject
Project("{9A19103F-16F7-4668-BE54-9A1E7A4F7556}") = "SourceBaseBE.Database", "src\SourceBaseBE.Database\SourceBaseBE.Database.csproj", "{2FD846C8-D4B5-4C3E-9D3F-A6EA7F6F7081}"
EndProject
Project("{9A19103F-16F7-4668-BE54-9A1E7A4F7556}") = "SourceBaseBE.CommonFunc", "src\SourceBaseBE.CommonFunc\SourceBaseBE.CommonFunc.csproj", "{3D1CE415-00F2-4529-80B0-B42661068335}"
EndProject
Project("{9A19103F-16F7-4668-BE54-9A1E7A4F7556}") = "iSoft.RabbitMQ", "subs\iSoft.Core\iSoft.RabbitMQ\iSoft.RabbitMQ.csproj", "{A562B129-3AF1-4B1E-B6EA-8BDD71813CB6}"
EndProject
Project("{9A19103F-16F7-4668-BE54-9A1E7A4F7556}") = "iSoft.InfluxDB", "subs\iSoft.Core\iSoft.InfluxDB\iSoft.InfluxDB.csproj", "{B47744BE-73A3-4D4D-A718-35A3D61A2A95}"
EndProject
Project("{9A19103F-16F7-4668-BE54-9A1E7A4F7556}") = "iSoft.TraceData", "src\iSoft.TraceData\iSoft.TraceData.csproj", "{43795B07-8B4B-41D2-9ABC-C0A437A58C65}"
EndProject
Project("{9A19103F-16F7-4668-BE54-9A1E7A4F7556}") = "TraceService_UnitTest", "tests\TraceService_UnitTest\TraceService_UnitTest.csproj", "{12E7F872-27F9-4E89-B19C-A495BFB9C37D}"
EndProject
Global
	GlobalSection(SolutionConfigurationPlatforms) = preSolution
		Debug|Any CPU = Debug|Any CPU
		Release|Any CPU = Release|Any CPU
	EndGlobalSection
	GlobalSection(ProjectConfigurationPlatforms) = postSolution
		{FF886639-EFB7-4918-BC42-843DAB138A0B}.Debug|Any CPU.ActiveCfg = Debug|Any CPU
		{FF886639-EFB7-4918-BC42-843DAB138A0B}.Debug|Any CPU.Build.0 = Debug|Any CPU
		{FF886639-EFB7-4918-BC42-843DAB138A0B}.Release|Any CPU.ActiveCfg = Release|Any CPU
		{FF886639-EFB7-4918-BC42-843DAB138A0B}.Release|Any CPU.Build.0 = Release|Any CPU
		{E384CE6B-84F7-4926-B562-65D1A1B0796F}.Debug|Any CPU.ActiveCfg = Debug|Any CPU
		{E384CE6B-84F7-4926-B562-65D1A1B0796F}.Debug|Any CPU.Build.0 = Debug|Any CPU
		{E384CE6B-84F7-4926-B562-65D1A1B0796F}.Release|Any CPU.ActiveCfg = Release|Any CPU
		{E384CE6B-84F7-4926-B562-65D1A1B0796F}.Release|Any CPU.Build.0 = Release|Any CPU
		{EAE34F7C-8D80-41ED-B8F6-55FF8BC964C8}.Debug|Any CPU.ActiveCfg = Debug|Any CPU
		{EAE34F7C-8D80-41ED-B8F6-55FF8BC964C8}.Debug|Any CPU.Build.0 = Debug|Any CPU
		{EAE34F7C-8D80-41ED-B8F6-55FF8BC964C8}.Release|Any CPU.ActiveCfg = Release|Any CPU
		{EAE34F7C-8D80-41ED-B8F6-55FF8BC964C8}.Release|Any CPU.Build.0 = Release|Any CPU
		{416FBBCB-B129-4759-A866-07C56C152249}.Debug|Any CPU.ActiveCfg = Debug|Any CPU
		{416FBBCB-B129-4759-A866-07C56C152249}.Debug|Any CPU.Build.0 = Debug|Any CPU
		{416FBBCB-B129-4759-A866-07C56C152249}.Release|Any CPU.ActiveCfg = Release|Any CPU
		{416FBBCB-B129-4759-A866-07C56C152249}.Release|Any CPU.Build.0 = Release|Any CPU
		{2FD846C8-D4B5-4C3E-9D3F-A6EA7F6F7081}.Debug|Any CPU.ActiveCfg = Debug|Any CPU
		{2FD846C8-D4B5-4C3E-9D3F-A6EA7F6F7081}.Debug|Any CPU.Build.0 = Debug|Any CPU
		{2FD846C8-D4B5-4C3E-9D3F-A6EA7F6F7081}.Release|Any CPU.ActiveCfg = Release|Any CPU
		{2FD846C8-D4B5-4C3E-9D3F-A6EA7F6F7081}.Release|Any CPU.Build.0 = Release|Any CPU
		{3D1CE415-00F2-4529-80B0-B42661068335}.Debug|Any CPU.ActiveCfg = Debug|Any CPU
		{3D1CE415-00F2-4529-80B0-B42661068335}.Debug|Any CPU.Build.0 = Debug|Any CPU
		{3D1CE415-00F2-4529-80B0-B42661068335}.Release|Any CPU.ActiveCfg = Release|Any CPU
		{3D1CE415-00F2-4529-80B0-B42661068335}.Release|Any CPU.Build.0 = Release|Any CPU
		{A562B129-3AF1-4B1E-B6EA-8BDD71813CB6}.Debug|Any CPU.ActiveCfg = Debug|Any CPU
		{A562B129-3AF1-4B1E-B6EA-8BDD71813CB6}.Debug|Any CPU.Build.0 = Debug|Any CPU
		{A562B129-3AF1-4B1E-B6EA-8BDD71813CB6}.Release|Any CPU.ActiveCfg = Release|Any CPU
		{A562B129-3AF1-4B1E-B6EA-8BDD71813CB6}.Release|Any CPU.Build.0 = Release|Any CPU
		{B47744BE-73A3-4D4D-A718-35A3D61A2A95}.Debug|Any CPU.ActiveCfg = Debug|Any CPU
		{B47744BE-73A3-4D4D-A718-35A3D61A2A95}.Debug|Any CPU.Build.0 = Debug|Any CPU
		{B47744BE-73A3-4D4D-A718-35A3D61A2A95}.Release|Any CPU.ActiveCfg = Release|Any CPU
		{B47744BE-73A3-4D4D-A718-35A3D61A2A95}.Release|Any CPU.Build.0 = Release|Any CPU
		{43795B07-8B4B-41D2-9ABC-C0A437A58C65}.Debug|Any CPU.ActiveCfg = Debug|Any CPU
		{43795B07-8B4B-41D2-9ABC-C0A437A58C65}.Debug|Any CPU.Build.0 = Debug|Any CPU
		{43795B07-8B4B-41D2-9ABC-C0A437A58C65}.Release|Any CPU.ActiveCfg = Release|Any CPU
		{43795B07-8B4B-41D2-9ABC-C0A437A58C65}.Release|Any CPU.Build.0 = Release|Any CPU
		{12E7F872-27F9-4E89-B19C-A495BFB9C37D}.Debug|Any CPU.ActiveCfg = Debug|Any CPU
		{12E7F872-27F9-4E89-B19C-A495BFB9C37D}.Debug|Any CPU.Build.0 = Debug|Any CPU
		{12E7F872-27F9-4E89-B19C-A495BFB9C37D}.Release|Any CPU.ActiveCfg = Release|Any CPU
		{12E7F872-27F9-4E89-B19C-A495BFB9C37D}.Release|Any CPU.Build.0 = Release|Any CPU
	EndGlobalSection
	GlobalSection(SolutionProperties) = preSolution
		HideSolutionNode = FALSE
	EndGlobalSection
	GlobalSection(NestedProjects) = preSolution
		{D80D41FF-3B26-4F32-92D0-82319D839F2C} = {A6C39302-B196-4E3E-9F94-FC0D6B752059}
		{FF886639-EFB7-4918-BC42-843DAB138A0B} = {D80D41FF-3B26-4F32-92D0-82319D839F2C}
		{E384CE6B-84F7-4926-B562-65D1A1B0796F} = {D80D41FF-3B26-4F32-92D0-82319D839F2C}
		{EAE34F7C-8D80-41ED-B8F6-55FF8BC964C8} = {D80D41FF-3B26-4F32-92D0-82319D839F2C}
		{416FBBCB-B129-4759-A866-07C56C152249} = {D80D41FF-3B26-4F32-92D0-82319D839F2C}
		{A562B129-3AF1-4B1E-B6EA-8BDD71813CB6} = {D80D41FF-3B26-4F32-92D0-82319D839F2C}
		{B47744BE-73A3-4D4D-A718-35A3D61A2A95} = {D80D41FF-3B26-4F32-92D0-82319D839F2C}
	EndGlobalSection
	GlobalSection(ExtensibilityGlobals) = postSolution
		SolutionGuid = {3C52102E-99C7-4F83-877B-816487C5B026}
	EndGlobalSection
EndGlobal
