
Microsoft Visual Studio Solution File, Format Version 12.00
# Visual Studio Version 17
VisualStudioVersion = 17.10.34928.147
MinimumVisualStudioVersion = 10.0.40219.1
Project("{9A19103F-16F7-4668-BE54-9A1E7A4F7556}") = "MonitorPLCSiemens", "MonitorPLCSiemens\MonitorPLCSiemens.csproj", "{777618CB-6E32-46CC-9D21-8D7DC92854EB}"
EndProject
Project("{2150E333-8FDC-42A3-9474-1A3956D46DE8}") = "Libs ISoftTeam", "Libs ISoftTeam", "{839F0CF6-AF80-46CD-BDCD-8B824290E522}"
EndProject
Project("{2150E333-8FDC-42A3-9474-1A3956D46DE8}") = "iSoft.TraceData-main", "iSoft.TraceData-main", "{E64DA892-9A5D-4132-A9BD-3A7833FE9095}"
EndProject
Project("{2150E333-8FDC-42A3-9474-1A3956D46DE8}") = "subs", "subs", "{051255EA-EAF3-4859-A8F4-727476A9F791}"
EndProject
Project("{2150E333-8FDC-42A3-9474-1A3956D46DE8}") = "iSoft.Core", "iSoft.Core", "{658A87A1-8C88-4ACB-BC56-51EBA480D00F}"
EndProject
Project("{9A19103F-16F7-4668-BE54-9A1E7A4F7556}") = "iSoft.Redis", "..\..\libs\Libs ISoftTeam\iSoft.TraceData-main\subs\iSoft.Core\iSoft.Redis\iSoft.Redis.csproj", "{60D93A7A-83F1-4330-8339-B1E7ED6ACBF4}"
EndProject
Project("{9A19103F-16F7-4668-BE54-9A1E7A4F7556}") = "iSoft.DBLibrary", "..\..\libs\Libs ISoftTeam\iSoft.TraceData-main\subs\iSoft.Core\iSoft.DBLibrary\iSoft.DBLibrary.csproj", "{C805803D-0CB1-4C5E-AC9C-AC0EC4BCA105}"
EndProject
Project("{9A19103F-16F7-4668-BE54-9A1E7A4F7556}") = "iSoft.Database", "..\..\libs\Libs ISoftTeam\iSoft.TraceData-main\subs\iSoft.Core\iSoft.Database\iSoft.Database.csproj", "{9400B462-D3F1-47DA-B4D4-465775C53816}"
EndProject
Project("{9A19103F-16F7-4668-BE54-9A1E7A4F7556}") = "iSoft.Common", "..\..\libs\Libs ISoftTeam\iSoft.TraceData-main\subs\iSoft.Core\iSoft.Common\iSoft.Common.csproj", "{01FBC70B-6CC9-4E3E-AE40-DF677E451A19}"
EndProject
Global
	GlobalSection(SolutionConfigurationPlatforms) = preSolution
		Debug|Any CPU = Debug|Any CPU
		Release|Any CPU = Release|Any CPU
	EndGlobalSection
	GlobalSection(ProjectConfigurationPlatforms) = postSolution
		{777618CB-6E32-46CC-9D21-8D7DC92854EB}.Debug|Any CPU.ActiveCfg = Debug|Any CPU
		{777618CB-6E32-46CC-9D21-8D7DC92854EB}.Debug|Any CPU.Build.0 = Debug|Any CPU
		{777618CB-6E32-46CC-9D21-8D7DC92854EB}.Release|Any CPU.ActiveCfg = Release|Any CPU
		{777618CB-6E32-46CC-9D21-8D7DC92854EB}.Release|Any CPU.Build.0 = Release|Any CPU
		{60D93A7A-83F1-4330-8339-B1E7ED6ACBF4}.Debug|Any CPU.ActiveCfg = Debug|Any CPU
		{60D93A7A-83F1-4330-8339-B1E7ED6ACBF4}.Debug|Any CPU.Build.0 = Debug|Any CPU
		{60D93A7A-83F1-4330-8339-B1E7ED6ACBF4}.Release|Any CPU.ActiveCfg = Release|Any CPU
		{60D93A7A-83F1-4330-8339-B1E7ED6ACBF4}.Release|Any CPU.Build.0 = Release|Any CPU
		{C805803D-0CB1-4C5E-AC9C-AC0EC4BCA105}.Debug|Any CPU.ActiveCfg = Debug|Any CPU
		{C805803D-0CB1-4C5E-AC9C-AC0EC4BCA105}.Debug|Any CPU.Build.0 = Debug|Any CPU
		{C805803D-0CB1-4C5E-AC9C-AC0EC4BCA105}.Release|Any CPU.ActiveCfg = Release|Any CPU
		{C805803D-0CB1-4C5E-AC9C-AC0EC4BCA105}.Release|Any CPU.Build.0 = Release|Any CPU
		{9400B462-D3F1-47DA-B4D4-465775C53816}.Debug|Any CPU.ActiveCfg = Debug|Any CPU
		{9400B462-D3F1-47DA-B4D4-465775C53816}.Debug|Any CPU.Build.0 = Debug|Any CPU
		{9400B462-D3F1-47DA-B4D4-465775C53816}.Release|Any CPU.ActiveCfg = Release|Any CPU
		{9400B462-D3F1-47DA-B4D4-465775C53816}.Release|Any CPU.Build.0 = Release|Any CPU
		{01FBC70B-6CC9-4E3E-AE40-DF677E451A19}.Debug|Any CPU.ActiveCfg = Debug|Any CPU
		{01FBC70B-6CC9-4E3E-AE40-DF677E451A19}.Debug|Any CPU.Build.0 = Debug|Any CPU
		{01FBC70B-6CC9-4E3E-AE40-DF677E451A19}.Release|Any CPU.ActiveCfg = Release|Any CPU
		{01FBC70B-6CC9-4E3E-AE40-DF677E451A19}.Release|Any CPU.Build.0 = Release|Any CPU
	EndGlobalSection
	GlobalSection(SolutionProperties) = preSolution
		HideSolutionNode = FALSE
	EndGlobalSection
	GlobalSection(NestedProjects) = preSolution
		{E64DA892-9A5D-4132-A9BD-3A7833FE9095} = {839F0CF6-AF80-46CD-BDCD-8B824290E522}
		{051255EA-EAF3-4859-A8F4-727476A9F791} = {E64DA892-9A5D-4132-A9BD-3A7833FE9095}
		{658A87A1-8C88-4ACB-BC56-51EBA480D00F} = {051255EA-EAF3-4859-A8F4-727476A9F791}
		{60D93A7A-83F1-4330-8339-B1E7ED6ACBF4} = {658A87A1-8C88-4ACB-BC56-51EBA480D00F}
		{C805803D-0CB1-4C5E-AC9C-AC0EC4BCA105} = {658A87A1-8C88-4ACB-BC56-51EBA480D00F}
		{9400B462-D3F1-47DA-B4D4-465775C53816} = {658A87A1-8C88-4ACB-BC56-51EBA480D00F}
		{01FBC70B-6CC9-4E3E-AE40-DF677E451A19} = {658A87A1-8C88-4ACB-BC56-51EBA480D00F}
	EndGlobalSection
	GlobalSection(ExtensibilityGlobals) = postSolution
		SolutionGuid = {C12653BE-C15E-4F98-9B32-A764887EAE02}
	EndGlobalSection
EndGlobal
