
Microsoft Visual Studio Solution File, Format Version 12.00
# Visual Studio Version 17
VisualStudioVersion = 17.7.34221.43
MinimumVisualStudioVersion = 10.0.40219.1
Project("{9A19103F-16F7-4668-BE54-9A1E7A4F7556}") = "DRMT.MMS.Main", "src\DRMT.MMS.Main\DRMT.MMS.Main.csproj", "{F6719DA4-34A8-4962-83D3-40709DA22F64}"
EndProject
Project("{9A19103F-16F7-4668-BE54-9A1E7A4F7556}") = "DRMT.MMS.MainDatabase", "src\DRMT.MMS.MainDatabase\DRMT.MMS.MainDatabase.csproj", "{C044959F-0D72-4E51-8308-62794B7361B3}"
EndProject
Global
	GlobalSection(SolutionConfigurationPlatforms) = preSolution
		Debug|Any CPU = Debug|Any CPU
		Release|Any CPU = Release|Any CPU
	EndGlobalSection
	GlobalSection(ProjectConfigurationPlatforms) = postSolution
		{F6719DA4-34A8-4962-83D3-40709DA22F64}.Debug|Any CPU.ActiveCfg = Debug|Any CPU
		{F6719DA4-34A8-4962-83D3-40709DA22F64}.Debug|Any CPU.Build.0 = Debug|Any CPU
		{F6719DA4-34A8-4962-83D3-40709DA22F64}.Release|Any CPU.ActiveCfg = Release|Any CPU
		{F6719DA4-34A8-4962-83D3-40709DA22F64}.Release|Any CPU.Build.0 = Release|Any CPU
		{C044959F-0D72-4E51-8308-62794B7361B3}.Debug|Any CPU.ActiveCfg = Debug|Any CPU
		{C044959F-0D72-4E51-8308-62794B7361B3}.Debug|Any CPU.Build.0 = Debug|Any CPU
		{C044959F-0D72-4E51-8308-62794B7361B3}.Release|Any CPU.ActiveCfg = Release|Any CPU
		{C044959F-0D72-4E51-8308-62794B7361B3}.Release|Any CPU.Build.0 = Release|Any CPU
	EndGlobalSection
	GlobalSection(SolutionProperties) = preSolution
		HideSolutionNode = FALSE
	EndGlobalSection
	GlobalSection(ExtensibilityGlobals) = postSolution
		SolutionGuid = {3C52102E-99C7-4F83-877B-816487C5B026}
	EndGlobalSection
EndGlobal
