
Microsoft Visual Studio Solution File, Format Version 12.00
# Visual Studio Version 17
VisualStudioVersion = 17.10.34928.147
MinimumVisualStudioVersion = 10.0.40219.1
Project("{FAE04EC0-301F-11D3-BF4B-00C04F79EFBC}") = "DrMartensMonitor", "DrMartensMonitor\DrMartensMonitor.csproj", "{1B71D2AD-4289-45BF-AD74-64BDD27211DC}"
EndProject
Global
	GlobalSection(SolutionConfigurationPlatforms) = preSolution
		Debug|Any CPU = Debug|Any CPU
		Release|Any CPU = Release|Any CPU
	EndGlobalSection
	GlobalSection(ProjectConfigurationPlatforms) = postSolution
		{1B71D2AD-4289-45BF-AD74-64BDD27211DC}.Debug|Any CPU.ActiveCfg = Debug|Any CPU
		{1B71D2AD-4289-45BF-AD74-64BDD27211DC}.Debug|Any CPU.Build.0 = Debug|Any CPU
		{1B71D2AD-4289-45BF-AD74-64BDD27211DC}.Release|Any CPU.ActiveCfg = Release|Any CPU
		{1B71D2AD-4289-45BF-AD74-64BDD27211DC}.Release|Any CPU.Build.0 = Release|Any CPU
	EndGlobalSection
	GlobalSection(SolutionProperties) = preSolution
		HideSolutionNode = FALSE
	EndGlobalSection
	GlobalSection(ExtensibilityGlobals) = postSolution
		SolutionGuid = {AC4DE7A5-1DAF-4514-89A9-9B99689BC30D}
	EndGlobalSection
EndGlobal
