
Microsoft Visual Studio Solution File, Format Version 12.00
# Visual Studio Version 17
VisualStudioVersion = 17.10.34928.147
MinimumVisualStudioVersion = 10.0.40219.1
Project("{FAE04EC0-301F-11D3-BF4B-00C04F79EFBC}") = "DrMartensMonitor", "DrMartensMonitor\DrMartensMonitor.csproj", "{1B71D2AD-4289-45BF-AD74-64BDD27211DC}"
EndProject
Project("{2150E333-8FDC-42A3-9474-1A3956D46DE8}") = "Libs ISoftTeam", "Libs ISoftTeam", "{F83C334D-D28A-4A63-86A4-59EC2C51FD2F}"
EndProject
Project("{2150E333-8FDC-42A3-9474-1A3956D46DE8}") = "iSoft.TraceData-main", "iSoft.TraceData-main", "{5F2CB454-9751-478E-B235-9EA3C031BACF}"
EndProject
Project("{2150E333-8FDC-42A3-9474-1A3956D46DE8}") = "subs", "subs", "{6D28D3FF-95CD-4C97-B087-A937890973EA}"
EndProject
Project("{2150E333-8FDC-42A3-9474-1A3956D46DE8}") = "iSoft.Core", "iSoft.Core", "{3B654037-AC24-460B-BA24-288F85461568}"
EndProject
Project("{9A19103F-16F7-4668-BE54-9A1E7A4F7556}") = "iSoft.Redis", "..\..\libs\Libs ISoftTeam\iSoft.TraceData-main\subs\iSoft.Core\iSoft.Redis\iSoft.Redis.csproj", "{20A03ED1-0C3F-4B4D-8305-55D9B6EA1C4E}"
EndProject
Project("{9A19103F-16F7-4668-BE54-9A1E7A4F7556}") = "iSoft.DBLibrary", "..\..\libs\Libs ISoftTeam\iSoft.TraceData-main\subs\iSoft.Core\iSoft.DBLibrary\iSoft.DBLibrary.csproj", "{D70A343F-1759-445F-BF8B-A082D4662C8A}"
EndProject
Project("{9A19103F-16F7-4668-BE54-9A1E7A4F7556}") = "iSoft.Database", "..\..\libs\Libs ISoftTeam\iSoft.TraceData-main\subs\iSoft.Core\iSoft.Database\iSoft.Database.csproj", "{C067E7D7-E889-48F0-998A-7FAD61C189DD}"
EndProject
Project("{9A19103F-16F7-4668-BE54-9A1E7A4F7556}") = "iSoft.Common", "..\..\libs\Libs ISoftTeam\iSoft.TraceData-main\subs\iSoft.Core\iSoft.Common\iSoft.Common.csproj", "{902F9A79-C715-4856-BECA-32CAE546F869}"
EndProject
Global
	GlobalSection(SolutionConfigurationPlatforms) = preSolution
		Debug|Any CPU = Debug|Any CPU
		Release|Any CPU = Release|Any CPU
	EndGlobalSection
	GlobalSection(ProjectConfigurationPlatforms) = postSolution
		{1B71D2AD-4289-45BF-AD74-64BDD27211DC}.Debug|Any CPU.ActiveCfg = Debug|Any CPU
		{1B71D2AD-4289-45BF-AD74-64BDD27211DC}.Debug|Any CPU.Build.0 = Debug|Any CPU
		{1B71D2AD-4289-45BF-AD74-64BDD27211DC}.Release|Any CPU.ActiveCfg = Release|Any CPU
		{1B71D2AD-4289-45BF-AD74-64BDD27211DC}.Release|Any CPU.Build.0 = Release|Any CPU
		{20A03ED1-0C3F-4B4D-8305-55D9B6EA1C4E}.Debug|Any CPU.ActiveCfg = Debug|Any CPU
		{20A03ED1-0C3F-4B4D-8305-55D9B6EA1C4E}.Debug|Any CPU.Build.0 = Debug|Any CPU
		{20A03ED1-0C3F-4B4D-8305-55D9B6EA1C4E}.Release|Any CPU.ActiveCfg = Release|Any CPU
		{20A03ED1-0C3F-4B4D-8305-55D9B6EA1C4E}.Release|Any CPU.Build.0 = Release|Any CPU
		{D70A343F-1759-445F-BF8B-A082D4662C8A}.Debug|Any CPU.ActiveCfg = Debug|Any CPU
		{D70A343F-1759-445F-BF8B-A082D4662C8A}.Debug|Any CPU.Build.0 = Debug|Any CPU
		{D70A343F-1759-445F-BF8B-A082D4662C8A}.Release|Any CPU.ActiveCfg = Release|Any CPU
		{D70A343F-1759-445F-BF8B-A082D4662C8A}.Release|Any CPU.Build.0 = Release|Any CPU
		{C067E7D7-E889-48F0-998A-7FAD61C189DD}.Debug|Any CPU.ActiveCfg = Debug|Any CPU
		{C067E7D7-E889-48F0-998A-7FAD61C189DD}.Debug|Any CPU.Build.0 = Debug|Any CPU
		{C067E7D7-E889-48F0-998A-7FAD61C189DD}.Release|Any CPU.ActiveCfg = Release|Any CPU
		{C067E7D7-E889-48F0-998A-7FAD61C189DD}.Release|Any CPU.Build.0 = Release|Any CPU
		{902F9A79-C715-4856-BECA-32CAE546F869}.Debug|Any CPU.ActiveCfg = Debug|Any CPU
		{902F9A79-C715-4856-BECA-32CAE546F869}.Debug|Any CPU.Build.0 = Debug|Any CPU
		{902F9A79-C715-4856-BECA-32CAE546F869}.Release|Any CPU.ActiveCfg = Release|Any CPU
		{902F9A79-C715-4856-BECA-32CAE546F869}.Release|Any CPU.Build.0 = Release|Any CPU
	EndGlobalSection
	GlobalSection(SolutionProperties) = preSolution
		HideSolutionNode = FALSE
	EndGlobalSection
	GlobalSection(NestedProjects) = preSolution
		{5F2CB454-9751-478E-B235-9EA3C031BACF} = {F83C334D-D28A-4A63-86A4-59EC2C51FD2F}
		{6D28D3FF-95CD-4C97-B087-A937890973EA} = {5F2CB454-9751-478E-B235-9EA3C031BACF}
		{3B654037-AC24-460B-BA24-288F85461568} = {6D28D3FF-95CD-4C97-B087-A937890973EA}
		{20A03ED1-0C3F-4B4D-8305-55D9B6EA1C4E} = {3B654037-AC24-460B-BA24-288F85461568}
		{D70A343F-1759-445F-BF8B-A082D4662C8A} = {3B654037-AC24-460B-BA24-288F85461568}
		{C067E7D7-E889-48F0-998A-7FAD61C189DD} = {3B654037-AC24-460B-BA24-288F85461568}
		{902F9A79-C715-4856-BECA-32CAE546F869} = {3B654037-AC24-460B-BA24-288F85461568}
	EndGlobalSection
	GlobalSection(ExtensibilityGlobals) = postSolution
		SolutionGuid = {AC4DE7A5-1DAF-4514-89A9-9B99689BC30D}
	EndGlobalSection
EndGlobal
